
Microsoft Visual Studio Solution File, Format Version 12.00
# Visual Studio Version 17
VisualStudioVersion = 17.11.35312.102
MinimumVisualStudioVersion = 10.0.40219.1
Project("{FAE04EC0-301F-11D3-BF4B-00C04F79EFBC}") = "CSharpEgitimKampi301.EntityLayer", "CSharspEgitimKampi301.EntityLayer\CSharpEgitimKampi301.EntityLayer.csproj", "{ED6D7EE9-7965-4168-962D-EB86596C82E6}"
EndProject
Project("{FAE04EC0-301F-11D3-BF4B-00C04F79EFBC}") = "CSharpEgitimKampi301.DataAccessLayer", "CSharspEgitimKampi301.DataAccessLayer\CSharpEgitimKampi301.DataAccessLayer.csproj", "{9ED62379-B73B-4D87-9652-66C1D2DECFCA}"
EndProject
Project("{FAE04EC0-301F-11D3-BF4B-00C04F79EFBC}") = "CSharpEgitimKampi301.BusinessLayer", "CSharspEgitimKampi301.BusinessLayer\CSharpEgitimKampi301.BusinessLayer.csproj", "{472CB7E4-23CF-4FB7-968D-BC086AF6CD53}"
EndProject
Project("{FAE04EC0-301F-11D3-BF4B-00C04F79EFBC}") = "CSharpEgitimKampi301.PresentationLayer", "CSharpEgitimKampi301.PresentationLayer\CSharpEgitimKampi301.PresentationLayer.csproj", "{CBC681C1-45B6-4464-829A-B52353E6503F}"
EndProject
Global
	GlobalSection(SolutionConfigurationPlatforms) = preSolution
		Debug|Any CPU = Debug|Any CPU
		Release|Any CPU = Release|Any CPU
	EndGlobalSection
	GlobalSection(ProjectConfigurationPlatforms) = postSolution
		{ED6D7EE9-7965-4168-962D-EB86596C82E6}.Debug|Any CPU.ActiveCfg = Debug|Any CPU
		{ED6D7EE9-7965-4168-962D-EB86596C82E6}.Debug|Any CPU.Build.0 = Debug|Any CPU
		{ED6D7EE9-7965-4168-962D-EB86596C82E6}.Release|Any CPU.ActiveCfg = Release|Any CPU
		{ED6D7EE9-7965-4168-962D-EB86596C82E6}.Release|Any CPU.Build.0 = Release|Any CPU
		{9ED62379-B73B-4D87-9652-66C1D2DECFCA}.Debug|Any CPU.ActiveCfg = Debug|Any CPU
		{9ED62379-B73B-4D87-9652-66C1D2DECFCA}.Debug|Any CPU.Build.0 = Debug|Any CPU
		{9ED62379-B73B-4D87-9652-66C1D2DECFCA}.Release|Any CPU.ActiveCfg = Release|Any CPU
		{9ED62379-B73B-4D87-9652-66C1D2DECFCA}.Release|Any CPU.Build.0 = Release|Any CPU
		{472CB7E4-23CF-4FB7-968D-BC086AF6CD53}.Debug|Any CPU.ActiveCfg = Debug|Any CPU
		{472CB7E4-23CF-4FB7-968D-BC086AF6CD53}.Debug|Any CPU.Build.0 = Debug|Any CPU
		{472CB7E4-23CF-4FB7-968D-BC086AF6CD53}.Release|Any CPU.ActiveCfg = Release|Any CPU
		{472CB7E4-23CF-4FB7-968D-BC086AF6CD53}.Release|Any CPU.Build.0 = Release|Any CPU
		{CBC681C1-45B6-4464-829A-B52353E6503F}.Debug|Any CPU.ActiveCfg = Debug|Any CPU
		{CBC681C1-45B6-4464-829A-B52353E6503F}.Debug|Any CPU.Build.0 = Debug|Any CPU
		{CBC681C1-45B6-4464-829A-B52353E6503F}.Release|Any CPU.ActiveCfg = Release|Any CPU
		{CBC681C1-45B6-4464-829A-B52353E6503F}.Release|Any CPU.Build.0 = Release|Any CPU
	EndGlobalSection
	GlobalSection(SolutionProperties) = preSolution
		HideSolutionNode = FALSE
	EndGlobalSection
	GlobalSection(ExtensibilityGlobals) = postSolution
		SolutionGuid = {2CA5244A-DE8E-4425-B0A4-B6EC60FB8DBF}
	EndGlobalSection
EndGlobal
