
Microsoft Visual Studio Solution File, Format Version 12.00
# Visual Studio 14
VisualStudioVersion = 14.0.25420.1
MinimumVisualStudioVersion = 10.0.40219.1
Project("{FAE04EC0-301F-11D3-BF4B-00C04F79EFBC}") = "Uygulama1", "Uygulama1\Uygulama1.csproj", "{D6018611-EFC8-401B-863C-D28AEA506126}"
EndProject
Project("{FAE04EC0-301F-11D3-BF4B-00C04F79EFBC}") = "Uygulama2", "Uygulama2\Uygulama2.csproj", "{06E8AA19-D2B8-4A26-95CF-80B7B78CB818}"
EndProject
Project("{FAE04EC0-301F-11D3-BF4B-00C04F79EFBC}") = "Uygulama3", "Uygulama3\Uygulama3.csproj", "{C7C69FDD-1948-496E-BBB6-2FAA2422763F}"
EndProject
Project("{FAE04EC0-301F-11D3-BF4B-00C04F79EFBC}") = "Uygulama4", "Uygulama4\Uygulama4.csproj", "{617B789D-F874-4D24-8F27-2CFEC2D06A73}"
EndProject
Project("{FAE04EC0-301F-11D3-BF4B-00C04F79EFBC}") = "Uygulama5", "Uygulama5\Uygulama5.csproj", "{30A9F92E-A1B0-467C-A8A8-80C787E3EFFD}"
EndProject
Project("{FAE04EC0-301F-11D3-BF4B-00C04F79EFBC}") = "Uygulama6", "Uygulama6\Uygulama6.csproj", "{2E8972DB-E2A5-4F21-A123-5A5B2342AE3E}"
EndProject
Project("{FAE04EC0-301F-11D3-BF4B-00C04F79EFBC}") = "Uygulama7", "Uygulama7\Uygulama7.csproj", "{83F54456-D041-458D-B08B-1D46ABB3E4CC}"
EndProject
Project("{FAE04EC0-301F-11D3-BF4B-00C04F79EFBC}") = "Uygulama8", "Uygulama8\Uygulama8.csproj", "{3B85CB39-99BB-48F8-A65A-9D1ABDFF95B8}"
EndProject
Project("{FAE04EC0-301F-11D3-BF4B-00C04F79EFBC}") = "Uygulama9-Nesne", "Uygulama9-Nesne\Uygulama9-Nesne.csproj", "{B5066ECD-F55A-4EBE-A359-F9CEC91F0DB3}"
EndProject
Project("{FAE04EC0-301F-11D3-BF4B-00C04F79EFBC}") = "Uygulama10-Nesne", "Uygulama10-Nesne\Uygulama10-Nesne.csproj", "{9915C769-167C-4BCE-88BD-1651B8D33B8C}"
EndProject
Project("{FAE04EC0-301F-11D3-BF4B-00C04F79EFBC}") = "Uygulama11-Nesne", "Uygulama11-Nesne\Uygulama11-Nesne.csproj", "{D93D1A0D-C4DE-4799-B55D-3814488A5B48}"
EndProject
Project("{FAE04EC0-301F-11D3-BF4B-00C04F79EFBC}") = "Uygulama12", "Uygulama12\Uygulama12.csproj", "{54BE3E43-5806-4AC1-A70B-AC505AB35978}"
EndProject
Project("{FAE04EC0-301F-11D3-BF4B-00C04F79EFBC}") = "Uygulama13", "Uygulama13\Uygulama13.csproj", "{E68DA1F9-1AFA-46F6-8470-1457686A6D2B}"
EndProject
Project("{FAE04EC0-301F-11D3-BF4B-00C04F79EFBC}") = "Uygulama14", "Uygulama14\Uygulama14.csproj", "{DCD2DC7F-B5C3-42D6-BF22-59622784775E}"
EndProject
Project("{FAE04EC0-301F-11D3-BF4B-00C04F79EFBC}") = "Uygulama15", "Uygulama15\Uygulama15.csproj", "{F362CC07-5AC4-44B8-BDEA-E6EFBBA407DB}"
EndProject
Project("{FAE04EC0-301F-11D3-BF4B-00C04F79EFBC}") = "Uygulama16", "Uygulama16\Uygulama16.csproj", "{255B18DD-087C-4642-8BE3-94183E470129}"
EndProject
Project("{FAE04EC0-301F-11D3-BF4B-00C04F79EFBC}") = "Uygulama17", "Uygulama17\Uygulama17.csproj", "{EF294F93-2673-40D8-B3A8-DC00C646D9A0}"
EndProject
Project("{FAE04EC0-301F-11D3-BF4B-00C04F79EFBC}") = "Uygulama18", "Uygulama18\Uygulama18.csproj", "{8143617C-FEF1-45B1-B891-8E9C233546CD}"
EndProject
Project("{FAE04EC0-301F-11D3-BF4B-00C04F79EFBC}") = "Uygulama19", "Uygulama19\Uygulama19.csproj", "{79AA8D1D-2673-4978-8661-EACE9B50AE33}"
EndProject
Project("{FAE04EC0-301F-11D3-BF4B-00C04F79EFBC}") = "Uygulama20", "Uygulama20\Uygulama20.csproj", "{CDFC8159-C57F-4398-B4D4-8311FDA9B95E}"
EndProject
Project("{FAE04EC0-301F-11D3-BF4B-00C04F79EFBC}") = "Kitap Kayıt", "Kitap Kayıt\Kitap Kayıt.csproj", "{47CD8672-755B-4833-8EAD-30860CD804FF}"
EndProject
Global
	GlobalSection(SolutionConfigurationPlatforms) = preSolution
		Debug|Any CPU = Debug|Any CPU
		Release|Any CPU = Release|Any CPU
	EndGlobalSection
	GlobalSection(ProjectConfigurationPlatforms) = postSolution
		{D6018611-EFC8-401B-863C-D28AEA506126}.Debug|Any CPU.ActiveCfg = Debug|Any CPU
		{D6018611-EFC8-401B-863C-D28AEA506126}.Debug|Any CPU.Build.0 = Debug|Any CPU
		{D6018611-EFC8-401B-863C-D28AEA506126}.Release|Any CPU.ActiveCfg = Release|Any CPU
		{D6018611-EFC8-401B-863C-D28AEA506126}.Release|Any CPU.Build.0 = Release|Any CPU
		{06E8AA19-D2B8-4A26-95CF-80B7B78CB818}.Debug|Any CPU.ActiveCfg = Debug|Any CPU
		{06E8AA19-D2B8-4A26-95CF-80B7B78CB818}.Debug|Any CPU.Build.0 = Debug|Any CPU
		{06E8AA19-D2B8-4A26-95CF-80B7B78CB818}.Release|Any CPU.ActiveCfg = Release|Any CPU
		{06E8AA19-D2B8-4A26-95CF-80B7B78CB818}.Release|Any CPU.Build.0 = Release|Any CPU
		{C7C69FDD-1948-496E-BBB6-2FAA2422763F}.Debug|Any CPU.ActiveCfg = Debug|Any CPU
		{C7C69FDD-1948-496E-BBB6-2FAA2422763F}.Debug|Any CPU.Build.0 = Debug|Any CPU
		{C7C69FDD-1948-496E-BBB6-2FAA2422763F}.Release|Any CPU.ActiveCfg = Release|Any CPU
		{C7C69FDD-1948-496E-BBB6-2FAA2422763F}.Release|Any CPU.Build.0 = Release|Any CPU
		{617B789D-F874-4D24-8F27-2CFEC2D06A73}.Debug|Any CPU.ActiveCfg = Debug|Any CPU
		{617B789D-F874-4D24-8F27-2CFEC2D06A73}.Debug|Any CPU.Build.0 = Debug|Any CPU
		{617B789D-F874-4D24-8F27-2CFEC2D06A73}.Release|Any CPU.ActiveCfg = Release|Any CPU
		{617B789D-F874-4D24-8F27-2CFEC2D06A73}.Release|Any CPU.Build.0 = Release|Any CPU
		{30A9F92E-A1B0-467C-A8A8-80C787E3EFFD}.Debug|Any CPU.ActiveCfg = Debug|Any CPU
		{30A9F92E-A1B0-467C-A8A8-80C787E3EFFD}.Debug|Any CPU.Build.0 = Debug|Any CPU
		{30A9F92E-A1B0-467C-A8A8-80C787E3EFFD}.Release|Any CPU.ActiveCfg = Release|Any CPU
		{30A9F92E-A1B0-467C-A8A8-80C787E3EFFD}.Release|Any CPU.Build.0 = Release|Any CPU
		{2E8972DB-E2A5-4F21-A123-5A5B2342AE3E}.Debug|Any CPU.ActiveCfg = Debug|Any CPU
		{2E8972DB-E2A5-4F21-A123-5A5B2342AE3E}.Debug|Any CPU.Build.0 = Debug|Any CPU
		{2E8972DB-E2A5-4F21-A123-5A5B2342AE3E}.Release|Any CPU.ActiveCfg = Release|Any CPU
		{2E8972DB-E2A5-4F21-A123-5A5B2342AE3E}.Release|Any CPU.Build.0 = Release|Any CPU
		{83F54456-D041-458D-B08B-1D46ABB3E4CC}.Debug|Any CPU.ActiveCfg = Debug|Any CPU
		{83F54456-D041-458D-B08B-1D46ABB3E4CC}.Debug|Any CPU.Build.0 = Debug|Any CPU
		{83F54456-D041-458D-B08B-1D46ABB3E4CC}.Release|Any CPU.ActiveCfg = Release|Any CPU
		{83F54456-D041-458D-B08B-1D46ABB3E4CC}.Release|Any CPU.Build.0 = Release|Any CPU
		{3B85CB39-99BB-48F8-A65A-9D1ABDFF95B8}.Debug|Any CPU.ActiveCfg = Debug|Any CPU
		{3B85CB39-99BB-48F8-A65A-9D1ABDFF95B8}.Debug|Any CPU.Build.0 = Debug|Any CPU
		{3B85CB39-99BB-48F8-A65A-9D1ABDFF95B8}.Release|Any CPU.ActiveCfg = Release|Any CPU
		{3B85CB39-99BB-48F8-A65A-9D1ABDFF95B8}.Release|Any CPU.Build.0 = Release|Any CPU
		{B5066ECD-F55A-4EBE-A359-F9CEC91F0DB3}.Debug|Any CPU.ActiveCfg = Debug|Any CPU
		{B5066ECD-F55A-4EBE-A359-F9CEC91F0DB3}.Debug|Any CPU.Build.0 = Debug|Any CPU
		{B5066ECD-F55A-4EBE-A359-F9CEC91F0DB3}.Release|Any CPU.ActiveCfg = Release|Any CPU
		{B5066ECD-F55A-4EBE-A359-F9CEC91F0DB3}.Release|Any CPU.Build.0 = Release|Any CPU
		{9915C769-167C-4BCE-88BD-1651B8D33B8C}.Debug|Any CPU.ActiveCfg = Debug|Any CPU
		{9915C769-167C-4BCE-88BD-1651B8D33B8C}.Debug|Any CPU.Build.0 = Debug|Any CPU
		{9915C769-167C-4BCE-88BD-1651B8D33B8C}.Release|Any CPU.ActiveCfg = Release|Any CPU
		{9915C769-167C-4BCE-88BD-1651B8D33B8C}.Release|Any CPU.Build.0 = Release|Any CPU
		{D93D1A0D-C4DE-4799-B55D-3814488A5B48}.Debug|Any CPU.ActiveCfg = Debug|Any CPU
		{D93D1A0D-C4DE-4799-B55D-3814488A5B48}.Debug|Any CPU.Build.0 = Debug|Any CPU
		{D93D1A0D-C4DE-4799-B55D-3814488A5B48}.Release|Any CPU.ActiveCfg = Release|Any CPU
		{D93D1A0D-C4DE-4799-B55D-3814488A5B48}.Release|Any CPU.Build.0 = Release|Any CPU
		{54BE3E43-5806-4AC1-A70B-AC505AB35978}.Debug|Any CPU.ActiveCfg = Debug|Any CPU
		{54BE3E43-5806-4AC1-A70B-AC505AB35978}.Debug|Any CPU.Build.0 = Debug|Any CPU
		{54BE3E43-5806-4AC1-A70B-AC505AB35978}.Release|Any CPU.ActiveCfg = Release|Any CPU
		{54BE3E43-5806-4AC1-A70B-AC505AB35978}.Release|Any CPU.Build.0 = Release|Any CPU
		{E68DA1F9-1AFA-46F6-8470-1457686A6D2B}.Debug|Any CPU.ActiveCfg = Debug|Any CPU
		{E68DA1F9-1AFA-46F6-8470-1457686A6D2B}.Debug|Any CPU.Build.0 = Debug|Any CPU
		{E68DA1F9-1AFA-46F6-8470-1457686A6D2B}.Release|Any CPU.ActiveCfg = Release|Any CPU
		{E68DA1F9-1AFA-46F6-8470-1457686A6D2B}.Release|Any CPU.Build.0 = Release|Any CPU
		{DCD2DC7F-B5C3-42D6-BF22-59622784775E}.Debug|Any CPU.ActiveCfg = Debug|Any CPU
		{DCD2DC7F-B5C3-42D6-BF22-59622784775E}.Debug|Any CPU.Build.0 = Debug|Any CPU
		{DCD2DC7F-B5C3-42D6-BF22-59622784775E}.Release|Any CPU.ActiveCfg = Release|Any CPU
		{DCD2DC7F-B5C3-42D6-BF22-59622784775E}.Release|Any CPU.Build.0 = Release|Any CPU
		{F362CC07-5AC4-44B8-BDEA-E6EFBBA407DB}.Debug|Any CPU.ActiveCfg = Debug|Any CPU
		{F362CC07-5AC4-44B8-BDEA-E6EFBBA407DB}.Debug|Any CPU.Build.0 = Debug|Any CPU
		{F362CC07-5AC4-44B8-BDEA-E6EFBBA407DB}.Release|Any CPU.ActiveCfg = Release|Any CPU
		{F362CC07-5AC4-44B8-BDEA-E6EFBBA407DB}.Release|Any CPU.Build.0 = Release|Any CPU
		{255B18DD-087C-4642-8BE3-94183E470129}.Debug|Any CPU.ActiveCfg = Debug|Any CPU
		{255B18DD-087C-4642-8BE3-94183E470129}.Debug|Any CPU.Build.0 = Debug|Any CPU
		{255B18DD-087C-4642-8BE3-94183E470129}.Release|Any CPU.ActiveCfg = Release|Any CPU
		{255B18DD-087C-4642-8BE3-94183E470129}.Release|Any CPU.Build.0 = Release|Any CPU
		{EF294F93-2673-40D8-B3A8-DC00C646D9A0}.Debug|Any CPU.ActiveCfg = Debug|Any CPU
		{EF294F93-2673-40D8-B3A8-DC00C646D9A0}.Debug|Any CPU.Build.0 = Debug|Any CPU
		{EF294F93-2673-40D8-B3A8-DC00C646D9A0}.Release|Any CPU.ActiveCfg = Release|Any CPU
		{EF294F93-2673-40D8-B3A8-DC00C646D9A0}.Release|Any CPU.Build.0 = Release|Any CPU
		{8143617C-FEF1-45B1-B891-8E9C233546CD}.Debug|Any CPU.ActiveCfg = Debug|Any CPU
		{8143617C-FEF1-45B1-B891-8E9C233546CD}.Debug|Any CPU.Build.0 = Debug|Any CPU
		{8143617C-FEF1-45B1-B891-8E9C233546CD}.Release|Any CPU.ActiveCfg = Release|Any CPU
		{8143617C-FEF1-45B1-B891-8E9C233546CD}.Release|Any CPU.Build.0 = Release|Any CPU
		{79AA8D1D-2673-4978-8661-EACE9B50AE33}.Debug|Any CPU.ActiveCfg = Debug|Any CPU
		{79AA8D1D-2673-4978-8661-EACE9B50AE33}.Debug|Any CPU.Build.0 = Debug|Any CPU
		{79AA8D1D-2673-4978-8661-EACE9B50AE33}.Release|Any CPU.ActiveCfg = Release|Any CPU
		{79AA8D1D-2673-4978-8661-EACE9B50AE33}.Release|Any CPU.Build.0 = Release|Any CPU
		{CDFC8159-C57F-4398-B4D4-8311FDA9B95E}.Debug|Any CPU.ActiveCfg = Debug|Any CPU
		{CDFC8159-C57F-4398-B4D4-8311FDA9B95E}.Debug|Any CPU.Build.0 = Debug|Any CPU
		{CDFC8159-C57F-4398-B4D4-8311FDA9B95E}.Release|Any CPU.ActiveCfg = Release|Any CPU
		{CDFC8159-C57F-4398-B4D4-8311FDA9B95E}.Release|Any CPU.Build.0 = Release|Any CPU
		{47CD8672-755B-4833-8EAD-30860CD804FF}.Debug|Any CPU.ActiveCfg = Debug|Any CPU
		{47CD8672-755B-4833-8EAD-30860CD804FF}.Debug|Any CPU.Build.0 = Debug|Any CPU
		{47CD8672-755B-4833-8EAD-30860CD804FF}.Release|Any CPU.ActiveCfg = Release|Any CPU
		{47CD8672-755B-4833-8EAD-30860CD804FF}.Release|Any CPU.Build.0 = Release|Any CPU
	EndGlobalSection
	GlobalSection(SolutionProperties) = preSolution
		HideSolutionNode = FALSE
	EndGlobalSection
EndGlobal
