<Solution>
  <Project Path="LibraryManagement.Application/LibraryManagement.Application.csproj" />
  <Project Path="LibraryManagement.Domain/LibraryManagement.Domain.csproj" />
  <Project Path="LibraryManagement.Infrastructure/LibraryManagement.Infrastructure.csproj" />
  <Project Path="LibraryManagement.WebAPI/LibraryManagement.WebAPI.csproj" />
  <Project Path="LibraryManagement/LibraryManagement.csproj" />
</Solution>
